
Microsoft Visual Studio Solution File, Format Version 12.00
# Visual Studio Version 17
VisualStudioVersion = 17.9.34728.123
MinimumVisualStudioVersion = 10.0.40219.1
Project("{2150E333-8FDC-42A3-9474-1A3956D46DE8}") = "src", "src", "{41BD4128-A96D-4E3E-B4B0-1349EFA5F08A}"
EndProject
Project("{2150E333-8FDC-42A3-9474-1A3956D46DE8}") = "test", "test", "{6E52AE09-B637-47FC-9765-92ECEF641AD8}"
EndProject
Project("{2150E333-8FDC-42A3-9474-1A3956D46DE8}") = "samples", "samples", "{A23F4F44-86D6-40C5-B05B-2DE2EBEDC650}"
EndProject
Project("{2150E333-8FDC-42A3-9474-1A3956D46DE8}") = "1.Utilities", "1.Utilities", "{121E51EB-C32A-4D79-AB07-B91A7ACDDD1E}"
EndProject
Project("{2150E333-8FDC-42A3-9474-1A3956D46DE8}") = "2.Core", "2.Core", "{273C8823-73A2-4654-908E-BEFAC5B52CBF}"
EndProject
Project("{2150E333-8FDC-42A3-9474-1A3956D46DE8}") = "3.Infra", "3.Infra", "{E7331E5D-B266-452C-933C-7D1683F3F641}"
EndProject
Project("{2150E333-8FDC-42A3-9474-1A3956D46DE8}") = "4.EndPoints", "4.EndPoints", "{DAEFF0ED-133E-41CC-BC1D-85FCA3C92E46}"
EndProject
Project("{2150E333-8FDC-42A3-9474-1A3956D46DE8}") = "1.Core", "1.Core", "{CCC8F846-3094-4C34-A470-470AC49D6D49}"
EndProject
Project("{2150E333-8FDC-42A3-9474-1A3956D46DE8}") = "2.Infra", "2.Infra", "{6124683E-5040-4D2E-A692-E9A7D83F0F15}"
EndProject
Project("{2150E333-8FDC-42A3-9474-1A3956D46DE8}") = "3.EndPoints", "3.EndPoints", "{42B44D85-41D3-4EAF-AFF1-8A46A8C961A8}"
EndProject
Project("{9A19103F-16F7-4668-BE54-9A1E7A4F7556}") = "Base.Utilities", "src\1.Utilities\Base.Utilities\Base.Utilities.csproj", "{E0FD0FD3-53C2-4C7D-B651-789011B0271F}"
EndProject
Project("{9A19103F-16F7-4668-BE54-9A1E7A4F7556}") = "Base.Core.Domain", "src\2.Core\Base.Core.Domain\Base.Core.Domain.csproj", "{2ADDB3E5-5777-4B85-A1CC-29CCBBF9F2E8}"
EndProject
Project("{9A19103F-16F7-4668-BE54-9A1E7A4F7556}") = "Base.Core.ApplicationServices", "src\2.Core\Base.Core.ApplicationServices\Base.Core.ApplicationServices.csproj", "{E7380399-0069-4560-85EE-E1BD523B3566}"
EndProject
Project("{9A19103F-16F7-4668-BE54-9A1E7A4F7556}") = "Base.Core.Contracts", "src\2.Core\Base.Core.Contracts\Base.Core.Contracts.csproj", "{499763D1-E0A3-44DA-AB3F-12A04B9D804E}"
EndProject
Project("{2150E333-8FDC-42A3-9474-1A3956D46DE8}") = "Data", "Data", "{A37FC434-802F-4D2A-A9D2-07C7B276CAC1}"
EndProject
Project("{9A19103F-16F7-4668-BE54-9A1E7A4F7556}") = "Base.Infra.Data.Sql.Queries", "src\3.Infra\Data\Base.Infra.Data.Sql.Queries\Base.Infra.Data.Sql.Queries.csproj", "{FD69FD4F-EC4C-47A7-A2FC-72D850614E8F}"
EndProject
Project("{9A19103F-16F7-4668-BE54-9A1E7A4F7556}") = "Base.Infra.Data.Sql", "src\3.Infra\Data\Base.Infra.Data.Sql\Base.Infra.Data.Sql.csproj", "{F9E53C70-F00E-4B2E-9162-0CF01501059E}"
EndProject
Project("{9A19103F-16F7-4668-BE54-9A1E7A4F7556}") = "Base.EndPoints.WebApi", "src\4.EndPoints\Base.EndPoints.WebApi\Base.EndPoints.WebApi.csproj", "{66A6E925-BBBC-404D-975F-40F0526D7BDC}"
EndProject
Project("{9A19103F-16F7-4668-BE54-9A1E7A4F7556}") = "Base.Samples.Core.Domain", "samples\1.Core\Base.Samples.Core.Domain\Base.Samples.Core.Domain.csproj", "{527037B5-932D-483E-8AD4-3350D44726C5}"
EndProject
Project("{9A19103F-16F7-4668-BE54-9A1E7A4F7556}") = "Base.Samples.Core.Contracts", "samples\1.Core\Base.Samples.Core.Contracts\Base.Samples.Core.Contracts.csproj", "{5080209E-E993-4B29-8ED2-AAC1113556BE}"
EndProject
Project("{9A19103F-16F7-4668-BE54-9A1E7A4F7556}") = "Base.Samples.Core.ApplicationServices", "samples\1.Core\Base.Samples.Core.ApplicationServices\Base.Samples.Core.ApplicationServices.csproj", "{3003899A-B325-4304-93B3-95EA3C86EE4A}"
EndProject
Project("{2150E333-8FDC-42A3-9474-1A3956D46DE8}") = "Data", "Data", "{4855F795-0742-49B7-BEF8-5A9D9AEBC2B6}"
EndProject
Project("{9A19103F-16F7-4668-BE54-9A1E7A4F7556}") = "Base.Samples.Infra.Data.Sql.Commands", "samples\2.Infra\Data\Base.Samples.Infra.Data.Sql.Commands\Base.Samples.Infra.Data.Sql.Commands.csproj", "{B6C4AFBF-B245-4196-8024-EA89488C17B3}"
EndProject
Project("{9A19103F-16F7-4668-BE54-9A1E7A4F7556}") = "Base.Infra.Data.Sql.Commands", "src\3.Infra\Data\Base.Infra.Data.Sql.Commands\Base.Infra.Data.Sql.Commands.csproj", "{1C0D8B0C-B7E6-499B-8C8F-A13474F3178E}"
EndProject
Project("{FAE04EC0-301F-11D3-BF4B-00C04F79EFBC}") = "Base.Samples.Infra.Data.Sql.Queries", "samples\2.Infra\Data\Base.Samples.Infra.Data.Sql.Queries\Base.Samples.Infra.Data.Sql.Queries.csproj", "{1BDEA75D-2F9F-4F0D-B4D0-EB61A6DFC498}"
EndProject
Project("{FAE04EC0-301F-11D3-BF4B-00C04F79EFBC}") = "Base.Samples.EndPoints.WebApi", "samples\3.EndPoints\Base.Samples.EndPoints.WebApi\Base.Samples.EndPoints.WebApi.csproj", "{C9ED6349-41FF-4EE0-9BDF-D5970B32DAE4}"
EndProject
Project("{FAE04EC0-301F-11D3-BF4B-00C04F79EFBC}") = "Base.Core.Domain.Toolkits", "src\2.Core\Base.Core.Domain.Toolkits\Base.Core.Domain.Toolkits.csproj", "{58259464-0B61-445B-AC28-94EF7D262E4E}"
EndProject
Global
	GlobalSection(SolutionConfigurationPlatforms) = preSolution
		Debug|Any CPU = Debug|Any CPU
		Release|Any CPU = Release|Any CPU
	EndGlobalSection
	GlobalSection(ProjectConfigurationPlatforms) = postSolution
		{E0FD0FD3-53C2-4C7D-B651-789011B0271F}.Debug|Any CPU.ActiveCfg = Debug|Any CPU
		{E0FD0FD3-53C2-4C7D-B651-789011B0271F}.Debug|Any CPU.Build.0 = Debug|Any CPU
		{E0FD0FD3-53C2-4C7D-B651-789011B0271F}.Release|Any CPU.ActiveCfg = Release|Any CPU
		{E0FD0FD3-53C2-4C7D-B651-789011B0271F}.Release|Any CPU.Build.0 = Release|Any CPU
		{2ADDB3E5-5777-4B85-A1CC-29CCBBF9F2E8}.Debug|Any CPU.ActiveCfg = Debug|Any CPU
		{2ADDB3E5-5777-4B85-A1CC-29CCBBF9F2E8}.Debug|Any CPU.Build.0 = Debug|Any CPU
		{2ADDB3E5-5777-4B85-A1CC-29CCBBF9F2E8}.Release|Any CPU.ActiveCfg = Release|Any CPU
		{2ADDB3E5-5777-4B85-A1CC-29CCBBF9F2E8}.Release|Any CPU.Build.0 = Release|Any CPU
		{E7380399-0069-4560-85EE-E1BD523B3566}.Debug|Any CPU.ActiveCfg = Debug|Any CPU
		{E7380399-0069-4560-85EE-E1BD523B3566}.Debug|Any CPU.Build.0 = Debug|Any CPU
		{E7380399-0069-4560-85EE-E1BD523B3566}.Release|Any CPU.ActiveCfg = Release|Any CPU
		{E7380399-0069-4560-85EE-E1BD523B3566}.Release|Any CPU.Build.0 = Release|Any CPU
		{499763D1-E0A3-44DA-AB3F-12A04B9D804E}.Debug|Any CPU.ActiveCfg = Debug|Any CPU
		{499763D1-E0A3-44DA-AB3F-12A04B9D804E}.Debug|Any CPU.Build.0 = Debug|Any CPU
		{499763D1-E0A3-44DA-AB3F-12A04B9D804E}.Release|Any CPU.ActiveCfg = Release|Any CPU
		{499763D1-E0A3-44DA-AB3F-12A04B9D804E}.Release|Any CPU.Build.0 = Release|Any CPU
		{FD69FD4F-EC4C-47A7-A2FC-72D850614E8F}.Debug|Any CPU.ActiveCfg = Debug|Any CPU
		{FD69FD4F-EC4C-47A7-A2FC-72D850614E8F}.Debug|Any CPU.Build.0 = Debug|Any CPU
		{FD69FD4F-EC4C-47A7-A2FC-72D850614E8F}.Release|Any CPU.ActiveCfg = Release|Any CPU
		{FD69FD4F-EC4C-47A7-A2FC-72D850614E8F}.Release|Any CPU.Build.0 = Release|Any CPU
		{F9E53C70-F00E-4B2E-9162-0CF01501059E}.Debug|Any CPU.ActiveCfg = Debug|Any CPU
		{F9E53C70-F00E-4B2E-9162-0CF01501059E}.Debug|Any CPU.Build.0 = Debug|Any CPU
		{F9E53C70-F00E-4B2E-9162-0CF01501059E}.Release|Any CPU.ActiveCfg = Release|Any CPU
		{F9E53C70-F00E-4B2E-9162-0CF01501059E}.Release|Any CPU.Build.0 = Release|Any CPU
		{66A6E925-BBBC-404D-975F-40F0526D7BDC}.Debug|Any CPU.ActiveCfg = Debug|Any CPU
		{66A6E925-BBBC-404D-975F-40F0526D7BDC}.Debug|Any CPU.Build.0 = Debug|Any CPU
		{66A6E925-BBBC-404D-975F-40F0526D7BDC}.Release|Any CPU.ActiveCfg = Release|Any CPU
		{66A6E925-BBBC-404D-975F-40F0526D7BDC}.Release|Any CPU.Build.0 = Release|Any CPU
		{527037B5-932D-483E-8AD4-3350D44726C5}.Debug|Any CPU.ActiveCfg = Debug|Any CPU
		{527037B5-932D-483E-8AD4-3350D44726C5}.Debug|Any CPU.Build.0 = Debug|Any CPU
		{527037B5-932D-483E-8AD4-3350D44726C5}.Release|Any CPU.ActiveCfg = Release|Any CPU
		{527037B5-932D-483E-8AD4-3350D44726C5}.Release|Any CPU.Build.0 = Release|Any CPU
		{5080209E-E993-4B29-8ED2-AAC1113556BE}.Debug|Any CPU.ActiveCfg = Debug|Any CPU
		{5080209E-E993-4B29-8ED2-AAC1113556BE}.Debug|Any CPU.Build.0 = Debug|Any CPU
		{5080209E-E993-4B29-8ED2-AAC1113556BE}.Release|Any CPU.ActiveCfg = Release|Any CPU
		{5080209E-E993-4B29-8ED2-AAC1113556BE}.Release|Any CPU.Build.0 = Release|Any CPU
		{3003899A-B325-4304-93B3-95EA3C86EE4A}.Debug|Any CPU.ActiveCfg = Debug|Any CPU
		{3003899A-B325-4304-93B3-95EA3C86EE4A}.Debug|Any CPU.Build.0 = Debug|Any CPU
		{3003899A-B325-4304-93B3-95EA3C86EE4A}.Release|Any CPU.ActiveCfg = Release|Any CPU
		{3003899A-B325-4304-93B3-95EA3C86EE4A}.Release|Any CPU.Build.0 = Release|Any CPU
		{B6C4AFBF-B245-4196-8024-EA89488C17B3}.Debug|Any CPU.ActiveCfg = Debug|Any CPU
		{B6C4AFBF-B245-4196-8024-EA89488C17B3}.Debug|Any CPU.Build.0 = Debug|Any CPU
		{B6C4AFBF-B245-4196-8024-EA89488C17B3}.Release|Any CPU.ActiveCfg = Release|Any CPU
		{B6C4AFBF-B245-4196-8024-EA89488C17B3}.Release|Any CPU.Build.0 = Release|Any CPU
		{1C0D8B0C-B7E6-499B-8C8F-A13474F3178E}.Debug|Any CPU.ActiveCfg = Debug|Any CPU
		{1C0D8B0C-B7E6-499B-8C8F-A13474F3178E}.Debug|Any CPU.Build.0 = Debug|Any CPU
		{1C0D8B0C-B7E6-499B-8C8F-A13474F3178E}.Release|Any CPU.ActiveCfg = Release|Any CPU
		{1C0D8B0C-B7E6-499B-8C8F-A13474F3178E}.Release|Any CPU.Build.0 = Release|Any CPU
		{1BDEA75D-2F9F-4F0D-B4D0-EB61A6DFC498}.Debug|Any CPU.ActiveCfg = Debug|Any CPU
		{1BDEA75D-2F9F-4F0D-B4D0-EB61A6DFC498}.Debug|Any CPU.Build.0 = Debug|Any CPU
		{1BDEA75D-2F9F-4F0D-B4D0-EB61A6DFC498}.Release|Any CPU.ActiveCfg = Release|Any CPU
		{1BDEA75D-2F9F-4F0D-B4D0-EB61A6DFC498}.Release|Any CPU.Build.0 = Release|Any CPU
		{C9ED6349-41FF-4EE0-9BDF-D5970B32DAE4}.Debug|Any CPU.ActiveCfg = Debug|Any CPU
		{C9ED6349-41FF-4EE0-9BDF-D5970B32DAE4}.Debug|Any CPU.Build.0 = Debug|Any CPU
		{C9ED6349-41FF-4EE0-9BDF-D5970B32DAE4}.Release|Any CPU.ActiveCfg = Release|Any CPU
		{C9ED6349-41FF-4EE0-9BDF-D5970B32DAE4}.Release|Any CPU.Build.0 = Release|Any CPU
		{58259464-0B61-445B-AC28-94EF7D262E4E}.Debug|Any CPU.ActiveCfg = Debug|Any CPU
		{58259464-0B61-445B-AC28-94EF7D262E4E}.Debug|Any CPU.Build.0 = Debug|Any CPU
		{58259464-0B61-445B-AC28-94EF7D262E4E}.Release|Any CPU.ActiveCfg = Release|Any CPU
		{58259464-0B61-445B-AC28-94EF7D262E4E}.Release|Any CPU.Build.0 = Release|Any CPU
	EndGlobalSection
	GlobalSection(SolutionProperties) = preSolution
		HideSolutionNode = FALSE
	EndGlobalSection
	GlobalSection(NestedProjects) = preSolution
		{121E51EB-C32A-4D79-AB07-B91A7ACDDD1E} = {41BD4128-A96D-4E3E-B4B0-1349EFA5F08A}
		{273C8823-73A2-4654-908E-BEFAC5B52CBF} = {41BD4128-A96D-4E3E-B4B0-1349EFA5F08A}
		{E7331E5D-B266-452C-933C-7D1683F3F641} = {41BD4128-A96D-4E3E-B4B0-1349EFA5F08A}
		{DAEFF0ED-133E-41CC-BC1D-85FCA3C92E46} = {41BD4128-A96D-4E3E-B4B0-1349EFA5F08A}
		{CCC8F846-3094-4C34-A470-470AC49D6D49} = {A23F4F44-86D6-40C5-B05B-2DE2EBEDC650}
		{6124683E-5040-4D2E-A692-E9A7D83F0F15} = {A23F4F44-86D6-40C5-B05B-2DE2EBEDC650}
		{42B44D85-41D3-4EAF-AFF1-8A46A8C961A8} = {A23F4F44-86D6-40C5-B05B-2DE2EBEDC650}
		{E0FD0FD3-53C2-4C7D-B651-789011B0271F} = {121E51EB-C32A-4D79-AB07-B91A7ACDDD1E}
		{2ADDB3E5-5777-4B85-A1CC-29CCBBF9F2E8} = {273C8823-73A2-4654-908E-BEFAC5B52CBF}
		{E7380399-0069-4560-85EE-E1BD523B3566} = {273C8823-73A2-4654-908E-BEFAC5B52CBF}
		{499763D1-E0A3-44DA-AB3F-12A04B9D804E} = {273C8823-73A2-4654-908E-BEFAC5B52CBF}
		{A37FC434-802F-4D2A-A9D2-07C7B276CAC1} = {E7331E5D-B266-452C-933C-7D1683F3F641}
		{FD69FD4F-EC4C-47A7-A2FC-72D850614E8F} = {A37FC434-802F-4D2A-A9D2-07C7B276CAC1}
		{F9E53C70-F00E-4B2E-9162-0CF01501059E} = {A37FC434-802F-4D2A-A9D2-07C7B276CAC1}
		{66A6E925-BBBC-404D-975F-40F0526D7BDC} = {DAEFF0ED-133E-41CC-BC1D-85FCA3C92E46}
		{527037B5-932D-483E-8AD4-3350D44726C5} = {CCC8F846-3094-4C34-A470-470AC49D6D49}
		{5080209E-E993-4B29-8ED2-AAC1113556BE} = {CCC8F846-3094-4C34-A470-470AC49D6D49}
		{3003899A-B325-4304-93B3-95EA3C86EE4A} = {CCC8F846-3094-4C34-A470-470AC49D6D49}
		{4855F795-0742-49B7-BEF8-5A9D9AEBC2B6} = {6124683E-5040-4D2E-A692-E9A7D83F0F15}
		{B6C4AFBF-B245-4196-8024-EA89488C17B3} = {4855F795-0742-49B7-BEF8-5A9D9AEBC2B6}
		{1C0D8B0C-B7E6-499B-8C8F-A13474F3178E} = {A37FC434-802F-4D2A-A9D2-07C7B276CAC1}
		{1BDEA75D-2F9F-4F0D-B4D0-EB61A6DFC498} = {4855F795-0742-49B7-BEF8-5A9D9AEBC2B6}
		{C9ED6349-41FF-4EE0-9BDF-D5970B32DAE4} = {42B44D85-41D3-4EAF-AFF1-8A46A8C961A8}
		{58259464-0B61-445B-AC28-94EF7D262E4E} = {273C8823-73A2-4654-908E-BEFAC5B52CBF}
	EndGlobalSection
	GlobalSection(ExtensibilityGlobals) = postSolution
		SolutionGuid = {BF786F97-3B5B-44C8-B1F4-A212B467754E}
	EndGlobalSection
EndGlobal
