
Microsoft Visual Studio Solution File, Format Version 12.00
# Visual Studio Version 18
VisualStudioVersion = 18.3.11505.172
MinimumVisualStudioVersion = 10.0.40219.1
Project("{2150E333-8FDC-42A3-9474-1A3956D46DE8}") = "test", "test", "{6E52AE09-B637-47FC-9765-92ECEF641AD8}"
EndProject
Project("{2150E333-8FDC-42A3-9474-1A3956D46DE8}") = "BuildingBlocks", "BuildingBlocks", "{44E13B0E-C159-4006-B254-62F045782FA7}"
EndProject
Project("{2150E333-8FDC-42A3-9474-1A3956D46DE8}") = "src", "src", "{D392B3EB-B1EA-4F65-A36B-FE549AFCC727}"
EndProject
Project("{2150E333-8FDC-42A3-9474-1A3956D46DE8}") = "Infrastructure", "Infrastructure", "{A520E48B-E065-43F9-952F-1D3B46CF8A4B}"
EndProject
Project("{2150E333-8FDC-42A3-9474-1A3956D46DE8}") = "Messaging", "Messaging", "{6EDABAE5-769E-47EB-B3BA-BFC7099B8A3F}"
EndProject
Project("{2150E333-8FDC-42A3-9474-1A3956D46DE8}") = "Caching", "Caching", "{D4829C38-07C1-4D5A-AAE1-1E8375817408}"
EndProject
Project("{2150E333-8FDC-42A3-9474-1A3956D46DE8}") = "Redis", "Redis", "{19C73B15-06C1-4793-93EB-5216CD4B28AB}"
EndProject
Project("{2150E333-8FDC-42A3-9474-1A3956D46DE8}") = "BackgroundWorkers", "BackgroundWorkers", "{5115D67D-56FD-4F14-81BD-3CDE20F95435}"
EndProject
Project("{2150E333-8FDC-42A3-9474-1A3956D46DE8}") = "Abstractions", "Abstractions", "{05B17688-20EA-47AB-8D06-0158C0D62DF2}"
EndProject
Project("{FAE04EC0-301F-11D3-BF4B-00C04F79EFBC}") = "Base.Extensions.BackgroundWorker.Abstractions", "sec\BuildingBlocks\Abstractions\Base.Extensions.BackgroundWorker.Abstractions\Base.Extensions.BackgroundWorker.Abstractions.csproj", "{E0ACB8E5-FD3B-4AAD-B6B6-0095735B56DE}"
EndProject
Project("{FAE04EC0-301F-11D3-BF4B-00C04F79EFBC}") = "Base.Extensions.Caching.Abstractions", "sec\BuildingBlocks\Abstractions\Base.Extensions.Caching.Abstractions\Base.Extensions.Caching.Abstractions.csproj", "{A7A2ACE3-BA7A-4362-A379-E1DA5ED778D5}"
EndProject
Project("{FAE04EC0-301F-11D3-BF4B-00C04F79EFBC}") = "Base.Extensions.Logger.Abstractions", "sec\BuildingBlocks\Abstractions\Base.Extensions.Logger.Abstractions\Base.Extensions.Logger.Abstractions.csproj", "{F748EAA8-88D2-4536-B635-68E49E53E10F}"
EndProject
Project("{FAE04EC0-301F-11D3-BF4B-00C04F79EFBC}") = "Base.Extensions.Serializers.Abstractions", "sec\BuildingBlocks\Abstractions\Base.Extensions.Serializers.Abstractions\Base.Extensions.Serializers.Abstractions.csproj", "{DDCF4D9D-96AE-4E66-B015-3357B41F4323}"
EndProject
Project("{FAE04EC0-301F-11D3-BF4B-00C04F79EFBC}") = "Base.Extensions.Messaging.Abstractions", "sec\BuildingBlocks\Abstractions\Base.Extensions.Messaging.Abstractions\Base.Extensions.Messaging.Abstractions.csproj", "{442A12C6-A46E-4164-8DD1-0744B737D883}"
EndProject
Project("{FAE04EC0-301F-11D3-BF4B-00C04F79EFBC}") = "Base.Extensions.DependencyInjection.Abstractions", "sec\BuildingBlocks\Abstractions\Base.Extensions.DependencyInjection.Abstractions\Base.Extensions.DependencyInjection.Abstractions.csproj", "{9C7889D1-A709-46C0-BA3E-8AD31043A379}"
EndProject
Project("{FAE04EC0-301F-11D3-BF4B-00C04F79EFBC}") = "Base.Extensions.Events.Abstractions", "sec\BuildingBlocks\Abstractions\Base.Extensions.Events.Abstractions\Base.Extensions.Events.Abstractions.csproj", "{7FEBC3B6-4F68-4F7C-9BCF-97D6F60D5C98}"
EndProject
Project("{FAE04EC0-301F-11D3-BF4B-00C04F79EFBC}") = "Base.Extensions.ChangeDataLog.Abstractions", "sec\BuildingBlocks\Abstractions\Base.Extensions.ChangeDataLog.Abstractions\Base.Extensions.ChangeDataLog.Abstractions.csproj", "{35568689-46DF-45F4-8B8C-00974775D1D8}"
EndProject
Project("{FAE04EC0-301F-11D3-BF4B-00C04F79EFBC}") = "Base.Extensions.Translations.Abstractions", "sec\BuildingBlocks\Abstractions\Base.Extensions.Translations.Abstractions\Base.Extensions.Translations.Abstractions.csproj", "{08DDB537-8557-4B94-A793-E01B72ACA055}"
EndProject
Project("{FAE04EC0-301F-11D3-BF4B-00C04F79EFBC}") = "Base.Infrastructure.Messaging.Cap", "sec\Infrastructure\Messaging\Base.Infrastructure.Messaging.Cap\Base.Infrastructure.Messaging.Cap.csproj", "{0CC53742-6972-4119-9878-EB996D263C67}"
EndProject
Global
	GlobalSection(SolutionConfigurationPlatforms) = preSolution
		Debug|Any CPU = Debug|Any CPU
		Release|Any CPU = Release|Any CPU
	EndGlobalSection
	GlobalSection(ProjectConfigurationPlatforms) = postSolution
		{E0ACB8E5-FD3B-4AAD-B6B6-0095735B56DE}.Debug|Any CPU.ActiveCfg = Debug|Any CPU
		{E0ACB8E5-FD3B-4AAD-B6B6-0095735B56DE}.Debug|Any CPU.Build.0 = Debug|Any CPU
		{E0ACB8E5-FD3B-4AAD-B6B6-0095735B56DE}.Release|Any CPU.ActiveCfg = Release|Any CPU
		{E0ACB8E5-FD3B-4AAD-B6B6-0095735B56DE}.Release|Any CPU.Build.0 = Release|Any CPU
		{A7A2ACE3-BA7A-4362-A379-E1DA5ED778D5}.Debug|Any CPU.ActiveCfg = Debug|Any CPU
		{A7A2ACE3-BA7A-4362-A379-E1DA5ED778D5}.Debug|Any CPU.Build.0 = Debug|Any CPU
		{A7A2ACE3-BA7A-4362-A379-E1DA5ED778D5}.Release|Any CPU.ActiveCfg = Release|Any CPU
		{A7A2ACE3-BA7A-4362-A379-E1DA5ED778D5}.Release|Any CPU.Build.0 = Release|Any CPU
		{F748EAA8-88D2-4536-B635-68E49E53E10F}.Debug|Any CPU.ActiveCfg = Debug|Any CPU
		{F748EAA8-88D2-4536-B635-68E49E53E10F}.Debug|Any CPU.Build.0 = Debug|Any CPU
		{F748EAA8-88D2-4536-B635-68E49E53E10F}.Release|Any CPU.ActiveCfg = Release|Any CPU
		{F748EAA8-88D2-4536-B635-68E49E53E10F}.Release|Any CPU.Build.0 = Release|Any CPU
		{DDCF4D9D-96AE-4E66-B015-3357B41F4323}.Debug|Any CPU.ActiveCfg = Debug|Any CPU
		{DDCF4D9D-96AE-4E66-B015-3357B41F4323}.Debug|Any CPU.Build.0 = Debug|Any CPU
		{DDCF4D9D-96AE-4E66-B015-3357B41F4323}.Release|Any CPU.ActiveCfg = Release|Any CPU
		{DDCF4D9D-96AE-4E66-B015-3357B41F4323}.Release|Any CPU.Build.0 = Release|Any CPU
		{442A12C6-A46E-4164-8DD1-0744B737D883}.Debug|Any CPU.ActiveCfg = Debug|Any CPU
		{442A12C6-A46E-4164-8DD1-0744B737D883}.Debug|Any CPU.Build.0 = Debug|Any CPU
		{442A12C6-A46E-4164-8DD1-0744B737D883}.Release|Any CPU.ActiveCfg = Release|Any CPU
		{442A12C6-A46E-4164-8DD1-0744B737D883}.Release|Any CPU.Build.0 = Release|Any CPU
		{9C7889D1-A709-46C0-BA3E-8AD31043A379}.Debug|Any CPU.ActiveCfg = Debug|Any CPU
		{9C7889D1-A709-46C0-BA3E-8AD31043A379}.Debug|Any CPU.Build.0 = Debug|Any CPU
		{9C7889D1-A709-46C0-BA3E-8AD31043A379}.Release|Any CPU.ActiveCfg = Release|Any CPU
		{9C7889D1-A709-46C0-BA3E-8AD31043A379}.Release|Any CPU.Build.0 = Release|Any CPU
		{7FEBC3B6-4F68-4F7C-9BCF-97D6F60D5C98}.Debug|Any CPU.ActiveCfg = Debug|Any CPU
		{7FEBC3B6-4F68-4F7C-9BCF-97D6F60D5C98}.Debug|Any CPU.Build.0 = Debug|Any CPU
		{7FEBC3B6-4F68-4F7C-9BCF-97D6F60D5C98}.Release|Any CPU.ActiveCfg = Release|Any CPU
		{7FEBC3B6-4F68-4F7C-9BCF-97D6F60D5C98}.Release|Any CPU.Build.0 = Release|Any CPU
		{35568689-46DF-45F4-8B8C-00974775D1D8}.Debug|Any CPU.ActiveCfg = Debug|Any CPU
		{35568689-46DF-45F4-8B8C-00974775D1D8}.Debug|Any CPU.Build.0 = Debug|Any CPU
		{35568689-46DF-45F4-8B8C-00974775D1D8}.Release|Any CPU.ActiveCfg = Release|Any CPU
		{35568689-46DF-45F4-8B8C-00974775D1D8}.Release|Any CPU.Build.0 = Release|Any CPU
		{08DDB537-8557-4B94-A793-E01B72ACA055}.Debug|Any CPU.ActiveCfg = Debug|Any CPU
		{08DDB537-8557-4B94-A793-E01B72ACA055}.Debug|Any CPU.Build.0 = Debug|Any CPU
		{08DDB537-8557-4B94-A793-E01B72ACA055}.Release|Any CPU.ActiveCfg = Release|Any CPU
		{08DDB537-8557-4B94-A793-E01B72ACA055}.Release|Any CPU.Build.0 = Release|Any CPU
		{0CC53742-6972-4119-9878-EB996D263C67}.Debug|Any CPU.ActiveCfg = Debug|Any CPU
		{0CC53742-6972-4119-9878-EB996D263C67}.Debug|Any CPU.Build.0 = Debug|Any CPU
		{0CC53742-6972-4119-9878-EB996D263C67}.Release|Any CPU.ActiveCfg = Release|Any CPU
		{0CC53742-6972-4119-9878-EB996D263C67}.Release|Any CPU.Build.0 = Release|Any CPU
	EndGlobalSection
	GlobalSection(SolutionProperties) = preSolution
		HideSolutionNode = FALSE
	EndGlobalSection
	GlobalSection(NestedProjects) = preSolution
		{44E13B0E-C159-4006-B254-62F045782FA7} = {D392B3EB-B1EA-4F65-A36B-FE549AFCC727}
		{A520E48B-E065-43F9-952F-1D3B46CF8A4B} = {D392B3EB-B1EA-4F65-A36B-FE549AFCC727}
		{6EDABAE5-769E-47EB-B3BA-BFC7099B8A3F} = {A520E48B-E065-43F9-952F-1D3B46CF8A4B}
		{D4829C38-07C1-4D5A-AAE1-1E8375817408} = {A520E48B-E065-43F9-952F-1D3B46CF8A4B}
		{19C73B15-06C1-4793-93EB-5216CD4B28AB} = {D4829C38-07C1-4D5A-AAE1-1E8375817408}
		{5115D67D-56FD-4F14-81BD-3CDE20F95435} = {A520E48B-E065-43F9-952F-1D3B46CF8A4B}
		{05B17688-20EA-47AB-8D06-0158C0D62DF2} = {44E13B0E-C159-4006-B254-62F045782FA7}
		{E0ACB8E5-FD3B-4AAD-B6B6-0095735B56DE} = {05B17688-20EA-47AB-8D06-0158C0D62DF2}
		{A7A2ACE3-BA7A-4362-A379-E1DA5ED778D5} = {05B17688-20EA-47AB-8D06-0158C0D62DF2}
		{F748EAA8-88D2-4536-B635-68E49E53E10F} = {05B17688-20EA-47AB-8D06-0158C0D62DF2}
		{DDCF4D9D-96AE-4E66-B015-3357B41F4323} = {05B17688-20EA-47AB-8D06-0158C0D62DF2}
		{442A12C6-A46E-4164-8DD1-0744B737D883} = {05B17688-20EA-47AB-8D06-0158C0D62DF2}
		{9C7889D1-A709-46C0-BA3E-8AD31043A379} = {05B17688-20EA-47AB-8D06-0158C0D62DF2}
		{7FEBC3B6-4F68-4F7C-9BCF-97D6F60D5C98} = {05B17688-20EA-47AB-8D06-0158C0D62DF2}
		{35568689-46DF-45F4-8B8C-00974775D1D8} = {05B17688-20EA-47AB-8D06-0158C0D62DF2}
		{08DDB537-8557-4B94-A793-E01B72ACA055} = {05B17688-20EA-47AB-8D06-0158C0D62DF2}
		{0CC53742-6972-4119-9878-EB996D263C67} = {6EDABAE5-769E-47EB-B3BA-BFC7099B8A3F}
	EndGlobalSection
	GlobalSection(ExtensibilityGlobals) = postSolution
		SolutionGuid = {BF786F97-3B5B-44C8-B1F4-A212B467754E}
	EndGlobalSection
EndGlobal
