
Microsoft Visual Studio Solution File, Format Version 12.00
# Visual Studio Version 18
VisualStudioVersion = 18.3.11505.172
MinimumVisualStudioVersion = 10.0.40219.1
Project("{2150E333-8FDC-42A3-9474-1A3956D46DE8}") = "test", "test", "{6E52AE09-B637-47FC-9765-92ECEF641AD8}"
EndProject
Project("{2150E333-8FDC-42A3-9474-1A3956D46DE8}") = "BuildingBlocks", "BuildingBlocks", "{44E13B0E-C159-4006-B254-62F045782FA7}"
EndProject
Project("{2150E333-8FDC-42A3-9474-1A3956D46DE8}") = "src", "src", "{D392B3EB-B1EA-4F65-A36B-FE549AFCC727}"
EndProject
Project("{2150E333-8FDC-42A3-9474-1A3956D46DE8}") = "Infrastructure", "Infrastructure", "{A520E48B-E065-43F9-952F-1D3B46CF8A4B}"
EndProject
Project("{2150E333-8FDC-42A3-9474-1A3956D46DE8}") = "Messaging", "Messaging", "{6EDABAE5-769E-47EB-B3BA-BFC7099B8A3F}"
EndProject
Project("{2150E333-8FDC-42A3-9474-1A3956D46DE8}") = "Caching", "Caching", "{D4829C38-07C1-4D5A-AAE1-1E8375817408}"
EndProject
Project("{2150E333-8FDC-42A3-9474-1A3956D46DE8}") = "Abstractions", "Abstractions", "{05B17688-20EA-47AB-8D06-0158C0D62DF2}"
EndProject
Project("{FAE04EC0-301F-11D3-BF4B-00C04F79EFBC}") = "Base.Extensions.BackgroundWorker.Abstractions", "sec\BuildingBlocks\Abstractions\Base.Extensions.BackgroundWorker.Abstractions\Base.Extensions.BackgroundWorker.Abstractions.csproj", "{E0ACB8E5-FD3B-4AAD-B6B6-0095735B56DE}"
EndProject
Project("{FAE04EC0-301F-11D3-BF4B-00C04F79EFBC}") = "Base.Extensions.Caching.Abstractions", "sec\BuildingBlocks\Abstractions\Base.Extensions.Caching.Abstractions\Base.Extensions.Caching.Abstractions.csproj", "{A7A2ACE3-BA7A-4362-A379-E1DA5ED778D5}"
EndProject
Project("{FAE04EC0-301F-11D3-BF4B-00C04F79EFBC}") = "Base.Extensions.Logger.Abstractions", "sec\BuildingBlocks\Abstractions\Base.Extensions.Logger.Abstractions\Base.Extensions.Logger.Abstractions.csproj", "{F748EAA8-88D2-4536-B635-68E49E53E10F}"
EndProject
Project("{FAE04EC0-301F-11D3-BF4B-00C04F79EFBC}") = "Base.Extensions.Serializers.Abstractions", "sec\BuildingBlocks\Abstractions\Base.Extensions.Serializers.Abstractions\Base.Extensions.Serializers.Abstractions.csproj", "{DDCF4D9D-96AE-4E66-B015-3357B41F4323}"
EndProject
Project("{FAE04EC0-301F-11D3-BF4B-00C04F79EFBC}") = "Base.Extensions.Messaging.Abstractions", "sec\BuildingBlocks\Abstractions\Base.Extensions.Messaging.Abstractions\Base.Extensions.Messaging.Abstractions.csproj", "{442A12C6-A46E-4164-8DD1-0744B737D883}"
EndProject
Project("{FAE04EC0-301F-11D3-BF4B-00C04F79EFBC}") = "Base.Extensions.DependencyInjection.Abstractions", "sec\BuildingBlocks\Abstractions\Base.Extensions.DependencyInjection.Abstractions\Base.Extensions.DependencyInjection.Abstractions.csproj", "{9C7889D1-A709-46C0-BA3E-8AD31043A379}"
EndProject
Project("{FAE04EC0-301F-11D3-BF4B-00C04F79EFBC}") = "Base.Extensions.ChangeDataLog.Abstractions", "sec\BuildingBlocks\Abstractions\Base.Extensions.ChangeDataLog.Abstractions\Base.Extensions.ChangeDataLog.Abstractions.csproj", "{35568689-46DF-45F4-8B8C-00974775D1D8}"
EndProject
Project("{FAE04EC0-301F-11D3-BF4B-00C04F79EFBC}") = "Base.Extensions.Translations.Abstractions", "sec\BuildingBlocks\Abstractions\Base.Extensions.Translations.Abstractions\Base.Extensions.Translations.Abstractions.csproj", "{08DDB537-8557-4B94-A793-E01B72ACA055}"
EndProject
Project("{FAE04EC0-301F-11D3-BF4B-00C04F79EFBC}") = "Base.Infrastructure.Messaging.Cap", "sec\Infrastructure\Messaging\Base.Infrastructure.Messaging.Cap\Base.Infrastructure.Messaging.Cap.csproj", "{FDA73DC5-BE6B-4E03-85BF-F2FD24F7BF44}"
EndProject
Project("{2150E333-8FDC-42A3-9474-1A3956D46DE8}") = "Core", "Core", "{24B9B722-4A18-483C-9180-8B3D6270FBDC}"
EndProject
Project("{2150E333-8FDC-42A3-9474-1A3956D46DE8}") = "Application", "Application", "{E898ED73-856D-4B8E-BEFF-2F1C1EDB9FC7}"
EndProject
Project("{2150E333-8FDC-42A3-9474-1A3956D46DE8}") = "Domain", "Domain", "{C143BB9E-85DD-44E0-BCBF-DDF4F9FF86EA}"
EndProject
Project("{FAE04EC0-301F-11D3-BF4B-00C04F79EFBC}") = "Base.Core.Domains.Contracts", "sec\Core\Domain\Base.Core.Domains.Contracts\Base.Core.Domains.Contracts.csproj", "{BC78A3D6-AA03-4EAA-9919-64F37393EC04}"
EndProject
Project("{FAE04EC0-301F-11D3-BF4B-00C04F79EFBC}") = "Base.Core.Domains", "sec\Core\Domain\Base.Core.Domains\Base.Core.Domains.csproj", "{63F8EFE3-0561-4DED-892F-55996182481D}"
EndProject
Project("{FAE04EC0-301F-11D3-BF4B-00C04F79EFBC}") = "Base.Core.Application", "sec\Core\Application\Base.Core.Application\Base.Core.Application.csproj", "{5D62439C-1CC2-442C-A564-8E9AD8913A1B}"
EndProject
Project("{FAE04EC0-301F-11D3-BF4B-00C04F79EFBC}") = "Base.Core.Application.Contracts", "sec\Core\Application\Base.Core.Application.Contracts\Base.Core.Application.Contracts.csproj", "{7C5A5EFB-9AED-4467-9E5A-08F4E2C63225}"
EndProject
Project("{FAE04EC0-301F-11D3-BF4B-00C04F79EFBC}") = "Base.Infrastructure.Messaging.Kafkas", "sec\Infrastructure\Messaging\Base.Infrastructure.Messaging.Kafkas\Base.Infrastructure.Messaging.Kafkas.csproj", "{3487F846-0240-4E7B-8382-09606A63A134}"
EndProject
Project("{2150E333-8FDC-42A3-9474-1A3956D46DE8}") = "Persistence", "Persistence", "{D6974902-349E-425A-B53F-8FE38D9D0875}"
EndProject
Project("{2150E333-8FDC-42A3-9474-1A3956D46DE8}") = "Observability", "Observability", "{3B8D4C8E-D16A-4230-9A30-404E887F9AC2}"
EndProject
Project("{FAE04EC0-301F-11D3-BF4B-00C04F79EFBC}") = "Base.Infrastructure.Caching.Redis", "sec\Infrastructure\Caching\Base.Infrastructure.Caching.Redis\Base.Infrastructure.Caching.Redis.csproj", "{8A70CED4-07B5-44E5-A2B4-CE45C51BB9EB}"
EndProject
Project("{FAE04EC0-301F-11D3-BF4B-00C04F79EFBC}") = "Base.Infrastructure.Persistence.EntityFramework", "sec\Infrastructure\Persistence\Base.Infrastructure.Persistence.EntityFramework\Base.Infrastructure.Persistence.EntityFramework.csproj", "{D6C79483-FD4F-48D8-AE98-C934BCE5FD25}"
EndProject
Project("{2150E333-8FDC-42A3-9474-1A3956D46DE8}") = "Utility", "Utility", "{FADE555C-2605-42AB-8FDC-15D307CD45BB}"
EndProject
Project("{FAE04EC0-301F-11D3-BF4B-00C04F79EFBC}") = "Base.Utility", "sec\Utility\Base.Utility\Base.Utility.csproj", "{30DE93A3-655A-4992-BA8E-B699BD9C10DB}"
EndProject
Project("{2150E333-8FDC-42A3-9474-1A3956D46DE8}") = "Queries", "Queries", "{8FE50178-0DAD-4EFD-99B2-CA923256E3C2}"
EndProject
Project("{FAE04EC0-301F-11D3-BF4B-00C04F79EFBC}") = "Base.Infrastructure.Queries.EntityFramework", "sec\Infrastructure\Queries\Base.Infrastructure.Queries.EntityFramework\Base.Infrastructure.Queries.EntityFramework.csproj", "{BCF3388D-38FC-4ACE-9BA7-5A1623155506}"
EndProject
Project("{FAE04EC0-301F-11D3-BF4B-00C04F79EFBC}") = "Base.Extentsions.Queries.Abstractions", "sec\BuildingBlocks\Abstractions\Base.Extentsions.Queries.Abstractions\Base.Extentsions.Queries.Abstractions.csproj", "{21DE0F90-CCA8-4BE2-9A8B-AE9AF9475CA6}"
EndProject
Project("{2150E333-8FDC-42A3-9474-1A3956D46DE8}") = "Files", "Files", "{C644FDF1-D90E-4A14-A7D8-3E124F0A9FB8}"
EndProject
Project("{FAE04EC0-301F-11D3-BF4B-00C04F79EFBC}") = "Base.Infrastructure.Files.MiniIo", "sec\Infrastructure\Files\Base.Infrastructure.Files.MiniIo\Base.Infrastructure.Files.MiniIo.csproj", "{D73545CE-A93E-4738-973E-744DCAC701D0}"
EndProject
Project("{2150E333-8FDC-42A3-9474-1A3956D46DE8}") = "Tools", "Tools", "{B7FF9C84-A20C-40A9-BAF3-CBEA7B380731}"
EndProject
Project("{FAE04EC0-301F-11D3-BF4B-00C04F79EFBC}") = "Base.Infrastructure.Tools.IdGenerators", "sec\Infrastructure\Tools\Base.Infrastructure.Tools.IdGenerators\Base.Infrastructure.Tools.IdGenerators.csproj", "{FACE9DA4-BD58-4524-9C21-A48B57BF0C10}"
EndProject
Project("{2150E333-8FDC-42A3-9474-1A3956D46DE8}") = "EndPoints", "EndPoints", "{60F5AF6F-A652-43B4-96C6-71AC1D1B452E}"
EndProject
Project("{FAE04EC0-301F-11D3-BF4B-00C04F79EFBC}") = "Base.EndPoints", "sec\EndPoints\Base.EndPoints\Base.EndPoints.csproj", "{F639AF65-D4EF-4C13-83FB-032236FC49EE}"
EndProject
Project("{FAE04EC0-301F-11D3-BF4B-00C04F79EFBC}") = "Base.EndPoints.Web", "sec\EndPoints\Base.EndPoints.Web\Base.EndPoints.Web.csproj", "{E174DDDA-72FD-4A7E-BEAF-E762C77CA77A}"
EndProject
Global
	GlobalSection(SolutionConfigurationPlatforms) = preSolution
		Debug|Any CPU = Debug|Any CPU
		Release|Any CPU = Release|Any CPU
	EndGlobalSection
	GlobalSection(ProjectConfigurationPlatforms) = postSolution
		{E0ACB8E5-FD3B-4AAD-B6B6-0095735B56DE}.Debug|Any CPU.ActiveCfg = Debug|Any CPU
		{E0ACB8E5-FD3B-4AAD-B6B6-0095735B56DE}.Debug|Any CPU.Build.0 = Debug|Any CPU
		{E0ACB8E5-FD3B-4AAD-B6B6-0095735B56DE}.Release|Any CPU.ActiveCfg = Release|Any CPU
		{E0ACB8E5-FD3B-4AAD-B6B6-0095735B56DE}.Release|Any CPU.Build.0 = Release|Any CPU
		{A7A2ACE3-BA7A-4362-A379-E1DA5ED778D5}.Debug|Any CPU.ActiveCfg = Debug|Any CPU
		{A7A2ACE3-BA7A-4362-A379-E1DA5ED778D5}.Debug|Any CPU.Build.0 = Debug|Any CPU
		{A7A2ACE3-BA7A-4362-A379-E1DA5ED778D5}.Release|Any CPU.ActiveCfg = Release|Any CPU
		{A7A2ACE3-BA7A-4362-A379-E1DA5ED778D5}.Release|Any CPU.Build.0 = Release|Any CPU
		{F748EAA8-88D2-4536-B635-68E49E53E10F}.Debug|Any CPU.ActiveCfg = Debug|Any CPU
		{F748EAA8-88D2-4536-B635-68E49E53E10F}.Debug|Any CPU.Build.0 = Debug|Any CPU
		{F748EAA8-88D2-4536-B635-68E49E53E10F}.Release|Any CPU.ActiveCfg = Release|Any CPU
		{F748EAA8-88D2-4536-B635-68E49E53E10F}.Release|Any CPU.Build.0 = Release|Any CPU
		{DDCF4D9D-96AE-4E66-B015-3357B41F4323}.Debug|Any CPU.ActiveCfg = Debug|Any CPU
		{DDCF4D9D-96AE-4E66-B015-3357B41F4323}.Debug|Any CPU.Build.0 = Debug|Any CPU
		{DDCF4D9D-96AE-4E66-B015-3357B41F4323}.Release|Any CPU.ActiveCfg = Release|Any CPU
		{DDCF4D9D-96AE-4E66-B015-3357B41F4323}.Release|Any CPU.Build.0 = Release|Any CPU
		{442A12C6-A46E-4164-8DD1-0744B737D883}.Debug|Any CPU.ActiveCfg = Debug|Any CPU
		{442A12C6-A46E-4164-8DD1-0744B737D883}.Debug|Any CPU.Build.0 = Debug|Any CPU
		{442A12C6-A46E-4164-8DD1-0744B737D883}.Release|Any CPU.ActiveCfg = Release|Any CPU
		{442A12C6-A46E-4164-8DD1-0744B737D883}.Release|Any CPU.Build.0 = Release|Any CPU
		{9C7889D1-A709-46C0-BA3E-8AD31043A379}.Debug|Any CPU.ActiveCfg = Debug|Any CPU
		{9C7889D1-A709-46C0-BA3E-8AD31043A379}.Debug|Any CPU.Build.0 = Debug|Any CPU
		{9C7889D1-A709-46C0-BA3E-8AD31043A379}.Release|Any CPU.ActiveCfg = Release|Any CPU
		{9C7889D1-A709-46C0-BA3E-8AD31043A379}.Release|Any CPU.Build.0 = Release|Any CPU
		{35568689-46DF-45F4-8B8C-00974775D1D8}.Debug|Any CPU.ActiveCfg = Debug|Any CPU
		{35568689-46DF-45F4-8B8C-00974775D1D8}.Debug|Any CPU.Build.0 = Debug|Any CPU
		{35568689-46DF-45F4-8B8C-00974775D1D8}.Release|Any CPU.ActiveCfg = Release|Any CPU
		{35568689-46DF-45F4-8B8C-00974775D1D8}.Release|Any CPU.Build.0 = Release|Any CPU
		{08DDB537-8557-4B94-A793-E01B72ACA055}.Debug|Any CPU.ActiveCfg = Debug|Any CPU
		{08DDB537-8557-4B94-A793-E01B72ACA055}.Debug|Any CPU.Build.0 = Debug|Any CPU
		{08DDB537-8557-4B94-A793-E01B72ACA055}.Release|Any CPU.ActiveCfg = Release|Any CPU
		{08DDB537-8557-4B94-A793-E01B72ACA055}.Release|Any CPU.Build.0 = Release|Any CPU
		{FDA73DC5-BE6B-4E03-85BF-F2FD24F7BF44}.Debug|Any CPU.ActiveCfg = Debug|Any CPU
		{FDA73DC5-BE6B-4E03-85BF-F2FD24F7BF44}.Debug|Any CPU.Build.0 = Debug|Any CPU
		{FDA73DC5-BE6B-4E03-85BF-F2FD24F7BF44}.Release|Any CPU.ActiveCfg = Release|Any CPU
		{FDA73DC5-BE6B-4E03-85BF-F2FD24F7BF44}.Release|Any CPU.Build.0 = Release|Any CPU
		{BC78A3D6-AA03-4EAA-9919-64F37393EC04}.Debug|Any CPU.ActiveCfg = Debug|Any CPU
		{BC78A3D6-AA03-4EAA-9919-64F37393EC04}.Debug|Any CPU.Build.0 = Debug|Any CPU
		{BC78A3D6-AA03-4EAA-9919-64F37393EC04}.Release|Any CPU.ActiveCfg = Release|Any CPU
		{BC78A3D6-AA03-4EAA-9919-64F37393EC04}.Release|Any CPU.Build.0 = Release|Any CPU
		{63F8EFE3-0561-4DED-892F-55996182481D}.Debug|Any CPU.ActiveCfg = Debug|Any CPU
		{63F8EFE3-0561-4DED-892F-55996182481D}.Debug|Any CPU.Build.0 = Debug|Any CPU
		{63F8EFE3-0561-4DED-892F-55996182481D}.Release|Any CPU.ActiveCfg = Release|Any CPU
		{63F8EFE3-0561-4DED-892F-55996182481D}.Release|Any CPU.Build.0 = Release|Any CPU
		{5D62439C-1CC2-442C-A564-8E9AD8913A1B}.Debug|Any CPU.ActiveCfg = Debug|Any CPU
		{5D62439C-1CC2-442C-A564-8E9AD8913A1B}.Debug|Any CPU.Build.0 = Debug|Any CPU
		{5D62439C-1CC2-442C-A564-8E9AD8913A1B}.Release|Any CPU.ActiveCfg = Release|Any CPU
		{5D62439C-1CC2-442C-A564-8E9AD8913A1B}.Release|Any CPU.Build.0 = Release|Any CPU
		{7C5A5EFB-9AED-4467-9E5A-08F4E2C63225}.Debug|Any CPU.ActiveCfg = Debug|Any CPU
		{7C5A5EFB-9AED-4467-9E5A-08F4E2C63225}.Debug|Any CPU.Build.0 = Debug|Any CPU
		{7C5A5EFB-9AED-4467-9E5A-08F4E2C63225}.Release|Any CPU.ActiveCfg = Release|Any CPU
		{7C5A5EFB-9AED-4467-9E5A-08F4E2C63225}.Release|Any CPU.Build.0 = Release|Any CPU
		{3487F846-0240-4E7B-8382-09606A63A134}.Debug|Any CPU.ActiveCfg = Debug|Any CPU
		{3487F846-0240-4E7B-8382-09606A63A134}.Debug|Any CPU.Build.0 = Debug|Any CPU
		{3487F846-0240-4E7B-8382-09606A63A134}.Release|Any CPU.ActiveCfg = Release|Any CPU
		{3487F846-0240-4E7B-8382-09606A63A134}.Release|Any CPU.Build.0 = Release|Any CPU
		{8A70CED4-07B5-44E5-A2B4-CE45C51BB9EB}.Debug|Any CPU.ActiveCfg = Debug|Any CPU
		{8A70CED4-07B5-44E5-A2B4-CE45C51BB9EB}.Debug|Any CPU.Build.0 = Debug|Any CPU
		{8A70CED4-07B5-44E5-A2B4-CE45C51BB9EB}.Release|Any CPU.ActiveCfg = Release|Any CPU
		{8A70CED4-07B5-44E5-A2B4-CE45C51BB9EB}.Release|Any CPU.Build.0 = Release|Any CPU
		{D6C79483-FD4F-48D8-AE98-C934BCE5FD25}.Debug|Any CPU.ActiveCfg = Debug|Any CPU
		{D6C79483-FD4F-48D8-AE98-C934BCE5FD25}.Debug|Any CPU.Build.0 = Debug|Any CPU
		{D6C79483-FD4F-48D8-AE98-C934BCE5FD25}.Release|Any CPU.ActiveCfg = Release|Any CPU
		{D6C79483-FD4F-48D8-AE98-C934BCE5FD25}.Release|Any CPU.Build.0 = Release|Any CPU
		{30DE93A3-655A-4992-BA8E-B699BD9C10DB}.Debug|Any CPU.ActiveCfg = Debug|Any CPU
		{30DE93A3-655A-4992-BA8E-B699BD9C10DB}.Debug|Any CPU.Build.0 = Debug|Any CPU
		{30DE93A3-655A-4992-BA8E-B699BD9C10DB}.Release|Any CPU.ActiveCfg = Release|Any CPU
		{30DE93A3-655A-4992-BA8E-B699BD9C10DB}.Release|Any CPU.Build.0 = Release|Any CPU
		{BCF3388D-38FC-4ACE-9BA7-5A1623155506}.Debug|Any CPU.ActiveCfg = Debug|Any CPU
		{BCF3388D-38FC-4ACE-9BA7-5A1623155506}.Debug|Any CPU.Build.0 = Debug|Any CPU
		{BCF3388D-38FC-4ACE-9BA7-5A1623155506}.Release|Any CPU.ActiveCfg = Release|Any CPU
		{BCF3388D-38FC-4ACE-9BA7-5A1623155506}.Release|Any CPU.Build.0 = Release|Any CPU
		{21DE0F90-CCA8-4BE2-9A8B-AE9AF9475CA6}.Debug|Any CPU.ActiveCfg = Debug|Any CPU
		{21DE0F90-CCA8-4BE2-9A8B-AE9AF9475CA6}.Debug|Any CPU.Build.0 = Debug|Any CPU
		{21DE0F90-CCA8-4BE2-9A8B-AE9AF9475CA6}.Release|Any CPU.ActiveCfg = Release|Any CPU
		{21DE0F90-CCA8-4BE2-9A8B-AE9AF9475CA6}.Release|Any CPU.Build.0 = Release|Any CPU
		{D73545CE-A93E-4738-973E-744DCAC701D0}.Debug|Any CPU.ActiveCfg = Debug|Any CPU
		{D73545CE-A93E-4738-973E-744DCAC701D0}.Debug|Any CPU.Build.0 = Debug|Any CPU
		{D73545CE-A93E-4738-973E-744DCAC701D0}.Release|Any CPU.ActiveCfg = Release|Any CPU
		{D73545CE-A93E-4738-973E-744DCAC701D0}.Release|Any CPU.Build.0 = Release|Any CPU
		{FACE9DA4-BD58-4524-9C21-A48B57BF0C10}.Debug|Any CPU.ActiveCfg = Debug|Any CPU
		{FACE9DA4-BD58-4524-9C21-A48B57BF0C10}.Debug|Any CPU.Build.0 = Debug|Any CPU
		{FACE9DA4-BD58-4524-9C21-A48B57BF0C10}.Release|Any CPU.ActiveCfg = Release|Any CPU
		{FACE9DA4-BD58-4524-9C21-A48B57BF0C10}.Release|Any CPU.Build.0 = Release|Any CPU
		{F639AF65-D4EF-4C13-83FB-032236FC49EE}.Debug|Any CPU.ActiveCfg = Debug|Any CPU
		{F639AF65-D4EF-4C13-83FB-032236FC49EE}.Debug|Any CPU.Build.0 = Debug|Any CPU
		{F639AF65-D4EF-4C13-83FB-032236FC49EE}.Release|Any CPU.ActiveCfg = Release|Any CPU
		{F639AF65-D4EF-4C13-83FB-032236FC49EE}.Release|Any CPU.Build.0 = Release|Any CPU
		{E174DDDA-72FD-4A7E-BEAF-E762C77CA77A}.Debug|Any CPU.ActiveCfg = Debug|Any CPU
		{E174DDDA-72FD-4A7E-BEAF-E762C77CA77A}.Debug|Any CPU.Build.0 = Debug|Any CPU
		{E174DDDA-72FD-4A7E-BEAF-E762C77CA77A}.Release|Any CPU.ActiveCfg = Release|Any CPU
		{E174DDDA-72FD-4A7E-BEAF-E762C77CA77A}.Release|Any CPU.Build.0 = Release|Any CPU
	EndGlobalSection
	GlobalSection(SolutionProperties) = preSolution
		HideSolutionNode = FALSE
	EndGlobalSection
	GlobalSection(NestedProjects) = preSolution
		{44E13B0E-C159-4006-B254-62F045782FA7} = {D392B3EB-B1EA-4F65-A36B-FE549AFCC727}
		{A520E48B-E065-43F9-952F-1D3B46CF8A4B} = {D392B3EB-B1EA-4F65-A36B-FE549AFCC727}
		{6EDABAE5-769E-47EB-B3BA-BFC7099B8A3F} = {A520E48B-E065-43F9-952F-1D3B46CF8A4B}
		{D4829C38-07C1-4D5A-AAE1-1E8375817408} = {A520E48B-E065-43F9-952F-1D3B46CF8A4B}
		{05B17688-20EA-47AB-8D06-0158C0D62DF2} = {44E13B0E-C159-4006-B254-62F045782FA7}
		{E0ACB8E5-FD3B-4AAD-B6B6-0095735B56DE} = {05B17688-20EA-47AB-8D06-0158C0D62DF2}
		{A7A2ACE3-BA7A-4362-A379-E1DA5ED778D5} = {05B17688-20EA-47AB-8D06-0158C0D62DF2}
		{F748EAA8-88D2-4536-B635-68E49E53E10F} = {05B17688-20EA-47AB-8D06-0158C0D62DF2}
		{DDCF4D9D-96AE-4E66-B015-3357B41F4323} = {05B17688-20EA-47AB-8D06-0158C0D62DF2}
		{442A12C6-A46E-4164-8DD1-0744B737D883} = {05B17688-20EA-47AB-8D06-0158C0D62DF2}
		{9C7889D1-A709-46C0-BA3E-8AD31043A379} = {05B17688-20EA-47AB-8D06-0158C0D62DF2}
		{35568689-46DF-45F4-8B8C-00974775D1D8} = {05B17688-20EA-47AB-8D06-0158C0D62DF2}
		{08DDB537-8557-4B94-A793-E01B72ACA055} = {05B17688-20EA-47AB-8D06-0158C0D62DF2}
		{FDA73DC5-BE6B-4E03-85BF-F2FD24F7BF44} = {6EDABAE5-769E-47EB-B3BA-BFC7099B8A3F}
		{24B9B722-4A18-483C-9180-8B3D6270FBDC} = {D392B3EB-B1EA-4F65-A36B-FE549AFCC727}
		{E898ED73-856D-4B8E-BEFF-2F1C1EDB9FC7} = {24B9B722-4A18-483C-9180-8B3D6270FBDC}
		{C143BB9E-85DD-44E0-BCBF-DDF4F9FF86EA} = {24B9B722-4A18-483C-9180-8B3D6270FBDC}
		{BC78A3D6-AA03-4EAA-9919-64F37393EC04} = {C143BB9E-85DD-44E0-BCBF-DDF4F9FF86EA}
		{63F8EFE3-0561-4DED-892F-55996182481D} = {C143BB9E-85DD-44E0-BCBF-DDF4F9FF86EA}
		{5D62439C-1CC2-442C-A564-8E9AD8913A1B} = {E898ED73-856D-4B8E-BEFF-2F1C1EDB9FC7}
		{7C5A5EFB-9AED-4467-9E5A-08F4E2C63225} = {E898ED73-856D-4B8E-BEFF-2F1C1EDB9FC7}
		{3487F846-0240-4E7B-8382-09606A63A134} = {6EDABAE5-769E-47EB-B3BA-BFC7099B8A3F}
		{D6974902-349E-425A-B53F-8FE38D9D0875} = {A520E48B-E065-43F9-952F-1D3B46CF8A4B}
		{3B8D4C8E-D16A-4230-9A30-404E887F9AC2} = {A520E48B-E065-43F9-952F-1D3B46CF8A4B}
		{8A70CED4-07B5-44E5-A2B4-CE45C51BB9EB} = {D4829C38-07C1-4D5A-AAE1-1E8375817408}
		{D6C79483-FD4F-48D8-AE98-C934BCE5FD25} = {D6974902-349E-425A-B53F-8FE38D9D0875}
		{FADE555C-2605-42AB-8FDC-15D307CD45BB} = {D392B3EB-B1EA-4F65-A36B-FE549AFCC727}
		{30DE93A3-655A-4992-BA8E-B699BD9C10DB} = {FADE555C-2605-42AB-8FDC-15D307CD45BB}
		{8FE50178-0DAD-4EFD-99B2-CA923256E3C2} = {A520E48B-E065-43F9-952F-1D3B46CF8A4B}
		{BCF3388D-38FC-4ACE-9BA7-5A1623155506} = {8FE50178-0DAD-4EFD-99B2-CA923256E3C2}
		{21DE0F90-CCA8-4BE2-9A8B-AE9AF9475CA6} = {05B17688-20EA-47AB-8D06-0158C0D62DF2}
		{C644FDF1-D90E-4A14-A7D8-3E124F0A9FB8} = {A520E48B-E065-43F9-952F-1D3B46CF8A4B}
		{D73545CE-A93E-4738-973E-744DCAC701D0} = {C644FDF1-D90E-4A14-A7D8-3E124F0A9FB8}
		{B7FF9C84-A20C-40A9-BAF3-CBEA7B380731} = {A520E48B-E065-43F9-952F-1D3B46CF8A4B}
		{FACE9DA4-BD58-4524-9C21-A48B57BF0C10} = {B7FF9C84-A20C-40A9-BAF3-CBEA7B380731}
		{60F5AF6F-A652-43B4-96C6-71AC1D1B452E} = {D392B3EB-B1EA-4F65-A36B-FE549AFCC727}
		{F639AF65-D4EF-4C13-83FB-032236FC49EE} = {60F5AF6F-A652-43B4-96C6-71AC1D1B452E}
		{E174DDDA-72FD-4A7E-BEAF-E762C77CA77A} = {60F5AF6F-A652-43B4-96C6-71AC1D1B452E}
	EndGlobalSection
	GlobalSection(ExtensibilityGlobals) = postSolution
		SolutionGuid = {BF786F97-3B5B-44C8-B1F4-A212B467754E}
	EndGlobalSection
EndGlobal
