
Microsoft Visual Studio Solution File, Format Version 12.00
# Visual Studio Version 17
VisualStudioVersion = 17.9.34728.123
MinimumVisualStudioVersion = 10.0.40219.1
Project("{FAE04EC0-301F-11D3-BF4B-00C04F79EFBC}") = "Base.Extensions.Serializers.NewtonSoft", "Base.Extensions.Serializers.NewtonSoft\Base.Extensions.Serializers.NewtonSoft.csproj", "{F327EF13-7AB7-4C91-B91A-40A64A1F8ABC}"
EndProject
Project("{FAE04EC0-301F-11D3-BF4B-00C04F79EFBC}") = "Base.Extensions.Serializers.NewtonSoft.Sample", "Base.Extensions.Serializers.NewtonSoft.Sample\Base.Extensions.Serializers.NewtonSoft.Sample.csproj", "{E952FA1B-6320-4B8C-B6CA-A9E81C0036A1}"
EndProject
Global
	GlobalSection(SolutionConfigurationPlatforms) = preSolution
		Debug|Any CPU = Debug|Any CPU
		Release|Any CPU = Release|Any CPU
	EndGlobalSection
	GlobalSection(ProjectConfigurationPlatforms) = postSolution
		{F327EF13-7AB7-4C91-B91A-40A64A1F8ABC}.Debug|Any CPU.ActiveCfg = Debug|Any CPU
		{F327EF13-7AB7-4C91-B91A-40A64A1F8ABC}.Debug|Any CPU.Build.0 = Debug|Any CPU
		{F327EF13-7AB7-4C91-B91A-40A64A1F8ABC}.Release|Any CPU.ActiveCfg = Release|Any CPU
		{F327EF13-7AB7-4C91-B91A-40A64A1F8ABC}.Release|Any CPU.Build.0 = Release|Any CPU
		{E952FA1B-6320-4B8C-B6CA-A9E81C0036A1}.Debug|Any CPU.ActiveCfg = Debug|Any CPU
		{E952FA1B-6320-4B8C-B6CA-A9E81C0036A1}.Debug|Any CPU.Build.0 = Debug|Any CPU
		{E952FA1B-6320-4B8C-B6CA-A9E81C0036A1}.Release|Any CPU.ActiveCfg = Release|Any CPU
		{E952FA1B-6320-4B8C-B6CA-A9E81C0036A1}.Release|Any CPU.Build.0 = Release|Any CPU
	EndGlobalSection
	GlobalSection(SolutionProperties) = preSolution
		HideSolutionNode = FALSE
	EndGlobalSection
	GlobalSection(ExtensibilityGlobals) = postSolution
		SolutionGuid = {E72E896E-2BBB-4833-A366-983F11DF4E93}
	EndGlobalSection
EndGlobal
