
Microsoft Visual Studio Solution File, Format Version 12.00
# Visual Studio Version 17
VisualStudioVersion = 17.12.35514.174
MinimumVisualStudioVersion = 10.0.40219.1
Project("{FAE04EC0-301F-11D3-BF4B-00C04F79EFBC}") = "Base.Extensions.BackgroundWorker.KafkaConsumer", "Base.Extensions.BackgroundWorker.KafkaConsumer\Base.Extensions.BackgroundWorker.KafkaConsumer.csproj", "{C866E656-A056-47C0-9642-ED48E35B1D27}"
EndProject
Project("{FAE04EC0-301F-11D3-BF4B-00C04F79EFBC}") = "Base.Extensions.BackgroundWorker.KafkaProducer", "Base.Extensions.BackgroundWorker.KafkaProducer\Base.Extensions.BackgroundWorker.KafkaProducer.csproj", "{1BDAB0C9-DB1F-408C-9238-494B8EFA4E0E}"
EndProject
Global
	GlobalSection(SolutionConfigurationPlatforms) = preSolution
		Debug|Any CPU = Debug|Any CPU
		Release|Any CPU = Release|Any CPU
	EndGlobalSection
	GlobalSection(ProjectConfigurationPlatforms) = postSolution
		{C866E656-A056-47C0-9642-ED48E35B1D27}.Debug|Any CPU.ActiveCfg = Debug|Any CPU
		{C866E656-A056-47C0-9642-ED48E35B1D27}.Debug|Any CPU.Build.0 = Debug|Any CPU
		{C866E656-A056-47C0-9642-ED48E35B1D27}.Release|Any CPU.ActiveCfg = Release|Any CPU
		{C866E656-A056-47C0-9642-ED48E35B1D27}.Release|Any CPU.Build.0 = Release|Any CPU
		{1BDAB0C9-DB1F-408C-9238-494B8EFA4E0E}.Debug|Any CPU.ActiveCfg = Debug|Any CPU
		{1BDAB0C9-DB1F-408C-9238-494B8EFA4E0E}.Debug|Any CPU.Build.0 = Debug|Any CPU
		{1BDAB0C9-DB1F-408C-9238-494B8EFA4E0E}.Release|Any CPU.ActiveCfg = Release|Any CPU
		{1BDAB0C9-DB1F-408C-9238-494B8EFA4E0E}.Release|Any CPU.Build.0 = Release|Any CPU
	EndGlobalSection
	GlobalSection(SolutionProperties) = preSolution
		HideSolutionNode = FALSE
	EndGlobalSection
EndGlobal
