
Microsoft Visual Studio Solution File, Format Version 12.00
# Visual Studio Version 17
VisualStudioVersion = 17.9.34728.123
MinimumVisualStudioVersion = 10.0.40219.1
Project("{FAE04EC0-301F-11D3-BF4B-00C04F79EFBC}") = "Base.Extensions.ChangeDataLog", "Base.Extensions.ChangeDataLog\Base.Extensions.ChangeDataLog.csproj", "{75DD3E31-2C8B-423B-B71E-799116869104}"
EndProject
Project("{FAE04EC0-301F-11D3-BF4B-00C04F79EFBC}") = "Base.Extensions.ChangeDataLog.Sql", "Base.Extensions.ChangeDataLog.Sql\Base.Extensions.ChangeDataLog.Sql.csproj", "{D45B424A-EECE-467B-97FE-B7E70D703F37}"
EndProject
Project("{FAE04EC0-301F-11D3-BF4B-00C04F79EFBC}") = "Base.Extensions.ChangeDataLog.Hamster.Sample", "Base.Extensions.ChangeDataLog.Hamster.Sample\Base.Extensions.ChangeDataLog.Hamster.Sample.csproj", "{3D5CD13E-7ACA-414F-88F2-1AFF888D1927}"
EndProject
Global
	GlobalSection(SolutionConfigurationPlatforms) = preSolution
		Debug|Any CPU = Debug|Any CPU
		Release|Any CPU = Release|Any CPU
	EndGlobalSection
	GlobalSection(ProjectConfigurationPlatforms) = postSolution
		{75DD3E31-2C8B-423B-B71E-799116869104}.Debug|Any CPU.ActiveCfg = Debug|Any CPU
		{75DD3E31-2C8B-423B-B71E-799116869104}.Debug|Any CPU.Build.0 = Debug|Any CPU
		{75DD3E31-2C8B-423B-B71E-799116869104}.Release|Any CPU.ActiveCfg = Release|Any CPU
		{75DD3E31-2C8B-423B-B71E-799116869104}.Release|Any CPU.Build.0 = Release|Any CPU
		{D45B424A-EECE-467B-97FE-B7E70D703F37}.Debug|Any CPU.ActiveCfg = Debug|Any CPU
		{D45B424A-EECE-467B-97FE-B7E70D703F37}.Debug|Any CPU.Build.0 = Debug|Any CPU
		{D45B424A-EECE-467B-97FE-B7E70D703F37}.Release|Any CPU.ActiveCfg = Release|Any CPU
		{D45B424A-EECE-467B-97FE-B7E70D703F37}.Release|Any CPU.Build.0 = Release|Any CPU
		{3D5CD13E-7ACA-414F-88F2-1AFF888D1927}.Debug|Any CPU.ActiveCfg = Debug|Any CPU
		{3D5CD13E-7ACA-414F-88F2-1AFF888D1927}.Debug|Any CPU.Build.0 = Debug|Any CPU
		{3D5CD13E-7ACA-414F-88F2-1AFF888D1927}.Release|Any CPU.ActiveCfg = Release|Any CPU
		{3D5CD13E-7ACA-414F-88F2-1AFF888D1927}.Release|Any CPU.Build.0 = Release|Any CPU
	EndGlobalSection
	GlobalSection(SolutionProperties) = preSolution
		HideSolutionNode = FALSE
	EndGlobalSection
	GlobalSection(ExtensibilityGlobals) = postSolution
		SolutionGuid = {BBBB5969-1F39-4C7B-9773-78D40338FEBD}
	EndGlobalSection
EndGlobal
