
Microsoft Visual Studio Solution File, Format Version 12.00
# Visual Studio Version 17
VisualStudioVersion = 17.9.34728.123
MinimumVisualStudioVersion = 10.0.40219.1
Project("{FAE04EC0-301F-11D3-BF4B-00C04F79EFBC}") = "Base.Extensions.Serializers.Microsoft", "Base.Extensions.Serializers.Microsoft\Base.Extensions.Serializers.Microsoft.csproj", "{BF7D624F-D126-46C8-8F8D-CB992AAEA219}"
EndProject
Project("{FAE04EC0-301F-11D3-BF4B-00C04F79EFBC}") = "Base.Extensions.Serializers.Microsoft.Sample", "Base.Extensions.Serializers.Microsoft.Sample\Base.Extensions.Serializers.Microsoft.Sample.csproj", "{1AFFB6CA-5316-4ED8-903A-D1426415D438}"
EndProject
Global
	GlobalSection(SolutionConfigurationPlatforms) = preSolution
		Debug|Any CPU = Debug|Any CPU
		Release|Any CPU = Release|Any CPU
	EndGlobalSection
	GlobalSection(ProjectConfigurationPlatforms) = postSolution
		{BF7D624F-D126-46C8-8F8D-CB992AAEA219}.Debug|Any CPU.ActiveCfg = Debug|Any CPU
		{BF7D624F-D126-46C8-8F8D-CB992AAEA219}.Debug|Any CPU.Build.0 = Debug|Any CPU
		{BF7D624F-D126-46C8-8F8D-CB992AAEA219}.Release|Any CPU.ActiveCfg = Release|Any CPU
		{BF7D624F-D126-46C8-8F8D-CB992AAEA219}.Release|Any CPU.Build.0 = Release|Any CPU
		{1AFFB6CA-5316-4ED8-903A-D1426415D438}.Debug|Any CPU.ActiveCfg = Debug|Any CPU
		{1AFFB6CA-5316-4ED8-903A-D1426415D438}.Debug|Any CPU.Build.0 = Debug|Any CPU
		{1AFFB6CA-5316-4ED8-903A-D1426415D438}.Release|Any CPU.ActiveCfg = Release|Any CPU
		{1AFFB6CA-5316-4ED8-903A-D1426415D438}.Release|Any CPU.Build.0 = Release|Any CPU
	EndGlobalSection
	GlobalSection(SolutionProperties) = preSolution
		HideSolutionNode = FALSE
	EndGlobalSection
	GlobalSection(ExtensibilityGlobals) = postSolution
		SolutionGuid = {7BD0A385-E1D0-47FD-8DCF-18E8F7CB1F4F}
	EndGlobalSection
EndGlobal
