
Microsoft Visual Studio Solution File, Format Version 12.00
# Visual Studio Version 17
VisualStudioVersion = 17.9.34728.123
MinimumVisualStudioVersion = 10.0.40219.1
Project("{FAE04EC0-301F-11D3-BF4B-00C04F79EFBC}") = "Base.Extensions.Caching.Distributed.Sql", "Base.Extensions.Caching.Distributed.Sql\Base.Extensions.Caching.Distributed.Sql.csproj", "{926138AB-B365-4634-8F64-0A4009FA09CC}"
EndProject
Project("{FAE04EC0-301F-11D3-BF4B-00C04F79EFBC}") = "Base.Extensions.Caching.Distributed.Sql.Sample", "Base.Extensions.Caching.Distributed.Sql.Sample\Base.Extensions.Caching.Distributed.Sql.Sample.csproj", "{1E9159C4-70BF-4A3A-BBC0-3DADA404186A}"
EndProject
Global
	GlobalSection(SolutionConfigurationPlatforms) = preSolution
		Debug|Any CPU = Debug|Any CPU
		Release|Any CPU = Release|Any CPU
	EndGlobalSection
	GlobalSection(ProjectConfigurationPlatforms) = postSolution
		{926138AB-B365-4634-8F64-0A4009FA09CC}.Debug|Any CPU.ActiveCfg = Debug|Any CPU
		{926138AB-B365-4634-8F64-0A4009FA09CC}.Debug|Any CPU.Build.0 = Debug|Any CPU
		{926138AB-B365-4634-8F64-0A4009FA09CC}.Release|Any CPU.ActiveCfg = Release|Any CPU
		{926138AB-B365-4634-8F64-0A4009FA09CC}.Release|Any CPU.Build.0 = Release|Any CPU
		{1E9159C4-70BF-4A3A-BBC0-3DADA404186A}.Debug|Any CPU.ActiveCfg = Debug|Any CPU
		{1E9159C4-70BF-4A3A-BBC0-3DADA404186A}.Debug|Any CPU.Build.0 = Debug|Any CPU
		{1E9159C4-70BF-4A3A-BBC0-3DADA404186A}.Release|Any CPU.ActiveCfg = Release|Any CPU
		{1E9159C4-70BF-4A3A-BBC0-3DADA404186A}.Release|Any CPU.Build.0 = Release|Any CPU
	EndGlobalSection
	GlobalSection(SolutionProperties) = preSolution
		HideSolutionNode = FALSE
	EndGlobalSection
	GlobalSection(ExtensibilityGlobals) = postSolution
		SolutionGuid = {A279CEB3-F221-4A44-B89D-0C7ADFB1D306}
	EndGlobalSection
EndGlobal
