
Microsoft Visual Studio Solution File, Format Version 12.00
# Visual Studio Version 17
VisualStudioVersion = 17.9.34728.123
MinimumVisualStudioVersion = 10.0.40219.1
Project("{FAE04EC0-301F-11D3-BF4B-00C04F79EFBC}") = "Base.Extensions.Caching.InMemory", "Base.Extensions.Caching.InMemory\Base.Extensions.Caching.InMemory.csproj", "{4F8F6541-5354-4923-BE65-A036A79565C5}"
EndProject
Project("{FAE04EC0-301F-11D3-BF4B-00C04F79EFBC}") = "Base.Extensions.Caching.InMemory.Sample", "Base.Extensions.Caching.InMemory.Sample\Base.Extensions.Caching.InMemory.Sample.csproj", "{1FDE0989-9AB3-48C9-B3DA-241A16339EE1}"
EndProject
Global
	GlobalSection(SolutionConfigurationPlatforms) = preSolution
		Debug|Any CPU = Debug|Any CPU
		Release|Any CPU = Release|Any CPU
	EndGlobalSection
	GlobalSection(ProjectConfigurationPlatforms) = postSolution
		{4F8F6541-5354-4923-BE65-A036A79565C5}.Debug|Any CPU.ActiveCfg = Debug|Any CPU
		{4F8F6541-5354-4923-BE65-A036A79565C5}.Debug|Any CPU.Build.0 = Debug|Any CPU
		{4F8F6541-5354-4923-BE65-A036A79565C5}.Release|Any CPU.ActiveCfg = Release|Any CPU
		{4F8F6541-5354-4923-BE65-A036A79565C5}.Release|Any CPU.Build.0 = Release|Any CPU
		{1FDE0989-9AB3-48C9-B3DA-241A16339EE1}.Debug|Any CPU.ActiveCfg = Debug|Any CPU
		{1FDE0989-9AB3-48C9-B3DA-241A16339EE1}.Debug|Any CPU.Build.0 = Debug|Any CPU
		{1FDE0989-9AB3-48C9-B3DA-241A16339EE1}.Release|Any CPU.ActiveCfg = Release|Any CPU
		{1FDE0989-9AB3-48C9-B3DA-241A16339EE1}.Release|Any CPU.Build.0 = Release|Any CPU
	EndGlobalSection
	GlobalSection(SolutionProperties) = preSolution
		HideSolutionNode = FALSE
	EndGlobalSection
	GlobalSection(ExtensibilityGlobals) = postSolution
		SolutionGuid = {DAF72F8B-23AA-4744-B7A6-BA2C1BEAD0EB}
	EndGlobalSection
EndGlobal
